// !$*UTF8*$!
{
	archiveVersion = 1;
	classes = {
	};
	objectVersion = 52;
	objects = {

/* Begin PBXBuildFile section */
		7F9084D7236B76C100AEB3F8 /* AppDelegate.swift in Sources */ = {isa = PBXBuildFile; fileRef = 7F9084D6236B76C100AEB3F8 /* AppDelegate.swift */; };
		7F9084DE236B76C100AEB3F8 /* Main.storyboard in Resources */ = {isa = PBXBuildFile; fileRef = 7F9084DC236B76C100AEB3F8 /* Main.storyboard */; };
		7F9084E0236B76C300AEB3F8 /* Assets.xcassets in Resources */ = {isa = PBXBuildFile; fileRef = 7F9084DF236B76C300AEB3F8 /* Assets.xcassets */; };
		7F9084E3236B76C300AEB3F8 /* LaunchScreen.storyboard in Resources */ = {isa = PBXBuildFile; fileRef = 7F9084E1236B76C300AEB3F8 /* LaunchScreen.storyboard */; };
		7F9084EE236B76C300AEB3F8 /* TheCastleTests.swift in Sources */ = {isa = PBXBuildFile; fileRef = 7F9084ED236B76C300AEB3F8 /* TheCastleTests.swift */; };
		7F9084F9236B76C300AEB3F8 /* TheCastleUITests.swift in Sources */ = {isa = PBXBuildFile; fileRef = 7F9084F8236B76C300AEB3F8 /* TheCastleUITests.swift */; };
		7F908507236B771800AEB3F8 /* CastleTableViewController.swift in Sources */ = {isa = PBXBuildFile; fileRef = 7F908506236B771800AEB3F8 /* CastleTableViewController.swift */; };
		7FDEA591236BB9DD00466140 /* HomeViewController.swift in Sources */ = {isa = PBXBuildFile; fileRef = 7FDEA590236BB9DD00466140 /* HomeViewController.swift */; };
		7FDEA593236BC31E00466140 /* PhotoViewController.swift in Sources */ = {isa = PBXBuildFile; fileRef = 7FDEA592236BC31E00466140 /* PhotoViewController.swift */; };
		7FDEA596236C54F400466140 /* Lottie in Frameworks */ = {isa = PBXBuildFile; productRef = 7FDEA595236C54F400466140 /* Lottie */; };
/* End PBXBuildFile section */

/* Begin PBXContainerItemProxy section */
		7F9084EA236B76C300AEB3F8 /* PBXContainerItemProxy */ = {
			isa = PBXContainerItemProxy;
			containerPortal = 7F9084CB236B76C100AEB3F8 /* Project object */;
			proxyType = 1;
			remoteGlobalIDString = 7F9084D2236B76C100AEB3F8;
			remoteInfo = TheCastle;
		};
		7F9084F5236B76C300AEB3F8 /* PBXContainerItemProxy */ = {
			isa = PBXContainerItemProxy;
			containerPortal = 7F9084CB236B76C100AEB3F8 /* Project object */;
			proxyType = 1;
			remoteGlobalIDString = 7F9084D2236B76C100AEB3F8;
			remoteInfo = TheCastle;
		};
/* End PBXContainerItemProxy section */

/* Begin PBXFileReference section */
		7F9084D3236B76C100AEB3F8 /* TheCastle.app */ = {isa = PBXFileReference; explicitFileType = wrapper.application; includeInIndex = 0; path = TheCastle.app; sourceTree = BUILT_PRODUCTS_DIR; };
		7F9084D6236B76C100AEB3F8 /* AppDelegate.swift */ = {isa = PBXFileReference; lastKnownFileType = sourcecode.swift; path = AppDelegate.swift; sourceTree = "<group>"; };
		7F9084DD236B76C100AEB3F8 /* Base */ = {isa = PBXFileReference; lastKnownFileType = file.storyboard; name = Base; path = Base.lproj/Main.storyboard; sourceTree = "<group>"; };
		7F9084DF236B76C300AEB3F8 /* Assets.xcassets */ = {isa = PBXFileReference; lastKnownFileType = folder.assetcatalog; name = Assets.xcassets; path = TheCastle/Assets.xcassets; sourceTree = SOURCE_ROOT; };
		7F9084E2236B76C300AEB3F8 /* Base */ = {isa = PBXFileReference; lastKnownFileType = file.storyboard; name = Base; path = Base.lproj/LaunchScreen.storyboard; sourceTree = "<group>"; };
		7F9084E4236B76C300AEB3F8 /* Info.plist */ = {isa = PBXFileReference; lastKnownFileType = text.plist.xml; path = Info.plist; sourceTree = "<group>"; };
		7F9084E9236B76C300AEB3F8 /* TheCastleTests.xctest */ = {isa = PBXFileReference; explicitFileType = wrapper.cfbundle; includeInIndex = 0; path = TheCastleTests.xctest; sourceTree = BUILT_PRODUCTS_DIR; };
		7F9084ED236B76C300AEB3F8 /* TheCastleTests.swift */ = {isa = PBXFileReference; lastKnownFileType = sourcecode.swift; path = TheCastleTests.swift; sourceTree = "<group>"; };
		7F9084EF236B76C300AEB3F8 /* Info.plist */ = {isa = PBXFileReference; lastKnownFileType = text.plist.xml; path = Info.plist; sourceTree = "<group>"; };
		7F9084F4236B76C300AEB3F8 /* TheCastleUITests.xctest */ = {isa = PBXFileReference; explicitFileType = wrapper.cfbundle; includeInIndex = 0; path = TheCastleUITests.xctest; sourceTree = BUILT_PRODUCTS_DIR; };
		7F9084F8236B76C300AEB3F8 /* TheCastleUITests.swift */ = {isa = PBXFileReference; lastKnownFileType = sourcecode.swift; path = TheCastleUITests.swift; sourceTree = "<group>"; };
		7F9084FA236B76C300AEB3F8 /* Info.plist */ = {isa = PBXFileReference; lastKnownFileType = text.plist.xml; path = Info.plist; sourceTree = "<group>"; };
		7F908506236B771800AEB3F8 /* CastleTableViewController.swift */ = {isa = PBXFileReference; lastKnownFileType = sourcecode.swift; path = CastleTableViewController.swift; sourceTree = "<group>"; };
		7FDEA590236BB9DD00466140 /* HomeViewController.swift */ = {isa = PBXFileReference; lastKnownFileType = sourcecode.swift; path = HomeViewController.swift; sourceTree = "<group>"; };
		7FDEA592236BC31E00466140 /* PhotoViewController.swift */ = {isa = PBXFileReference; lastKnownFileType = sourcecode.swift; path = PhotoViewController.swift; sourceTree = "<group>"; };
/* End PBXFileReference section */

/* Begin PBXFrameworksBuildPhase section */
		7F9084D0236B76C100AEB3F8 /* Frameworks */ = {
			isa = PBXFrameworksBuildPhase;
			buildActionMask = 2147483647;
			files = (
				7FDEA596236C54F400466140 /* Lottie in Frameworks */,
			);
			runOnlyForDeploymentPostprocessing = 0;
		};
		7F9084E6236B76C300AEB3F8 /* Frameworks */ = {
			isa = PBXFrameworksBuildPhase;
			buildActionMask = 2147483647;
			files = (
			);
			runOnlyForDeploymentPostprocessing = 0;
		};
		7F9084F1236B76C300AEB3F8 /* Frameworks */ = {
			isa = PBXFrameworksBuildPhase;
			buildActionMask = 2147483647;
			files = (
			);
			runOnlyForDeploymentPostprocessing = 0;
		};
/* End PBXFrameworksBuildPhase section */

/* Begin PBXGroup section */
		7F9084CA236B76C100AEB3F8 = {
			isa = PBXGroup;
			children = (
				7F9084D5236B76C100AEB3F8 /* TheCastle */,
				7F9084EC236B76C300AEB3F8 /* TheCastleTests */,
				7F9084F7236B76C300AEB3F8 /* TheCastleUITests */,
				7F9084D4236B76C100AEB3F8 /* Products */,
			);
			sourceTree = "<group>";
		};
		7F9084D4236B76C100AEB3F8 /* Products */ = {
			isa = PBXGroup;
			children = (
				7F9084D3236B76C100AEB3F8 /* TheCastle.app */,
				7F9084E9236B76C300AEB3F8 /* TheCastleTests.xctest */,
				7F9084F4236B76C300AEB3F8 /* TheCastleUITests.xctest */,
			);
			name = Products;
			sourceTree = "<group>";
		};
		7F9084D5236B76C100AEB3F8 /* TheCastle */ = {
			isa = PBXGroup;
			children = (
				7F9084D6236B76C100AEB3F8 /* AppDelegate.swift */,
				7F9084DC236B76C100AEB3F8 /* Main.storyboard */,
				7F9084DF236B76C300AEB3F8 /* Assets.xcassets */,
				7F9084E1236B76C300AEB3F8 /* LaunchScreen.storyboard */,
				7F9084E4236B76C300AEB3F8 /* Info.plist */,
				7F908506236B771800AEB3F8 /* CastleTableViewController.swift */,
				7FDEA590236BB9DD00466140 /* HomeViewController.swift */,
				7FDEA592236BC31E00466140 /* PhotoViewController.swift */,
			);
			path = TheCastle;
			sourceTree = "<group>";
		};
		7F9084EC236B76C300AEB3F8 /* TheCastleTests */ = {
			isa = PBXGroup;
			children = (
				7F9084ED236B76C300AEB3F8 /* TheCastleTests.swift */,
				7F9084EF236B76C300AEB3F8 /* Info.plist */,
			);
			path = TheCastleTests;
			sourceTree = "<group>";
		};
		7F9084F7236B76C300AEB3F8 /* TheCastleUITests */ = {
			isa = PBXGroup;
			children = (
				7F9084F8236B76C300AEB3F8 /* TheCastleUITests.swift */,
				7F9084FA236B76C300AEB3F8 /* Info.plist */,
			);
			path = TheCastleUITests;
			sourceTree = "<group>";
		};
/* End PBXGroup section */

/* Begin PBXNativeTarget section */
		7F9084D2236B76C100AEB3F8 /* TheCastle */ = {
			isa = PBXNativeTarget;
			buildConfigurationList = 7F9084FD236B76C300AEB3F8 /* Build configuration list for PBXNativeTarget "TheCastle" */;
			buildPhases = (
				7F9084CF236B76C100AEB3F8 /* Sources */,
				7F9084D0236B76C100AEB3F8 /* Frameworks */,
				7F9084D1236B76C100AEB3F8 /* Resources */,
			);
			buildRules = (
			);
			dependencies = (
			);
			name = TheCastle;
			packageProductDependencies = (
				7FDEA595236C54F400466140 /* Lottie */,
			);
			productName = TheCastle;
			productReference = 7F9084D3236B76C100AEB3F8 /* TheCastle.app */;
			productType = "com.apple.product-type.application";
		};
		7F9084E8236B76C300AEB3F8 /* TheCastleTests */ = {
			isa = PBXNativeTarget;
			buildConfigurationList = 7F908500236B76C300AEB3F8 /* Build configuration list for PBXNativeTarget "TheCastleTests" */;
			buildPhases = (
				7F9084E5236B76C300AEB3F8 /* Sources */,
				7F9084E6236B76C300AEB3F8 /* Frameworks */,
				7F9084E7236B76C300AEB3F8 /* Resources */,
			);
			buildRules = (
			);
			dependencies = (
				7F9084EB236B76C300AEB3F8 /* PBXTargetDependency */,
			);
			name = TheCastleTests;
			productName = TheCastleTests;
			productReference = 7F9084E9236B76C300AEB3F8 /* TheCastleTests.xctest */;
			productType = "com.apple.product-type.bundle.unit-test";
		};
		7F9084F3236B76C300AEB3F8 /* TheCastleUITests */ = {
			isa = PBXNativeTarget;
			buildConfigurationList = 7F908503236B76C300AEB3F8 /* Build configuration list for PBXNativeTarget "TheCastleUITests" */;
			buildPhases = (
				7F9084F0236B76C300AEB3F8 /* Sources */,
				7F9084F1236B76C300AEB3F8 /* Frameworks */,
				7F9084F2236B76C300AEB3F8 /* Resources */,
			);
			buildRules = (
			);
			dependencies = (
				7F9084F6236B76C300AEB3F8 /* PBXTargetDependency */,
			);
			name = TheCastleUITests;
			productName = TheCastleUITests;
			productReference = 7F9084F4236B76C300AEB3F8 /* TheCastleUITests.xctest */;
			productType = "com.apple.product-type.bundle.ui-testing";
		};
/* End PBXNativeTarget section */

/* Begin PBXProject section */
		7F9084CB236B76C100AEB3F8 /* Project object */ = {
			isa = PBXProject;
			attributes = {
				LastSwiftUpdateCheck = 1110;
				LastUpgradeCheck = 1110;
				ORGANIZATIONNAME = "Natalia Wcisło";
				TargetAttributes = {
					7F9084D2236B76C100AEB3F8 = {
						CreatedOnToolsVersion = 11.1;
					};
					7F9084E8236B76C300AEB3F8 = {
						CreatedOnToolsVersion = 11.1;
						TestTargetID = 7F9084D2236B76C100AEB3F8;
					};
					7F9084F3236B76C300AEB3F8 = {
						CreatedOnToolsVersion = 11.1;
						TestTargetID = 7F9084D2236B76C100AEB3F8;
					};
				};
			};
			buildConfigurationList = 7F9084CE236B76C100AEB3F8 /* Build configuration list for PBXProject "TheCastle" */;
			compatibilityVersion = "Xcode 9.3";
			developmentRegion = en;
			hasScannedForEncodings = 0;
			knownRegions = (
				en,
				Base,
			);
			mainGroup = 7F9084CA236B76C100AEB3F8;
			packageReferences = (
				7FDEA594236C54F300466140 /* XCRemoteSwiftPackageReference "lottie-ios" */,
			);
			productRefGroup = 7F9084D4236B76C100AEB3F8 /* Products */;
			projectDirPath = "";
			projectRoot = "";
			targets = (
				7F9084D2236B76C100AEB3F8 /* TheCastle */,
				7F9084E8236B76C300AEB3F8 /* TheCastleTests */,
				7F9084F3236B76C300AEB3F8 /* TheCastleUITests */,
			);
		};
/* End PBXProject section */

/* Begin PBXResourcesBuildPhase section */
		7F9084D1236B76C100AEB3F8 /* Resources */ = {
			isa = PBXResourcesBuildPhase;
			buildActionMask = 2147483647;
			files = (
				7F9084E3236B76C300AEB3F8 /* LaunchScreen.storyboard in Resources */,
				7F9084E0236B76C300AEB3F8 /* Assets.xcassets in Resources */,
				7F9084DE236B76C100AEB3F8 /* Main.storyboard in Resources */,
			);
			runOnlyForDeploymentPostprocessing = 0;
		};
		7F9084E7236B76C300AEB3F8 /* Resources */ = {
			isa = PBXResourcesBuildPhase;
			buildActionMask = 2147483647;
			files = (
			);
			runOnlyForDeploymentPostprocessing = 0;
		};
		7F9084F2236B76C300AEB3F8 /* Resources */ = {
			isa = PBXResourcesBuildPhase;
			buildActionMask = 2147483647;
			files = (
			);
			runOnlyForDeploymentPostprocessing = 0;
		};
/* End PBXResourcesBuildPhase section */

/* Begin PBXSourcesBuildPhase section */
		7F9084CF236B76C100AEB3F8 /* Sources */ = {
			isa = PBXSourcesBuildPhase;
			buildActionMask = 2147483647;
			files = (
				7F908507236B771800AEB3F8 /* CastleTableViewController.swift in Sources */,
				7FDEA593236BC31E00466140 /* PhotoViewController.swift in Sources */,
				7F9084D7236B76C100AEB3F8 /* AppDelegate.swift in Sources */,
				7FDEA591236BB9DD00466140 /* HomeViewController.swift in Sources */,
			);
			runOnlyForDeploymentPostprocessing = 0;
		};
		7F9084E5236B76C300AEB3F8 /* Sources */ = {
			isa = PBXSourcesBuildPhase;
			buildActionMask = 2147483647;
			files = (
				7F9084EE236B76C300AEB3F8 /* TheCastleTests.swift in Sources */,
			);
			runOnlyForDeploymentPostprocessing = 0;
		};
		7F9084F0236B76C300AEB3F8 /* Sources */ = {
			isa = PBXSourcesBuildPhase;
			buildActionMask = 2147483647;
			files = (
				7F9084F9236B76C300AEB3F8 /* TheCastleUITests.swift in Sources */,
			);
			runOnlyForDeploymentPostprocessing = 0;
		};
/* End PBXSourcesBuildPhase section */

/* Begin PBXTargetDependency section */
		7F9084EB236B76C300AEB3F8 /* PBXTargetDependency */ = {
			isa = PBXTargetDependency;
			target = 7F9084D2236B76C100AEB3F8 /* TheCastle */;
			targetProxy = 7F9084EA236B76C300AEB3F8 /* PBXContainerItemProxy */;
		};
		7F9084F6236B76C300AEB3F8 /* PBXTargetDependency */ = {
			isa = PBXTargetDependency;
			target = 7F9084D2236B76C100AEB3F8 /* TheCastle */;
			targetProxy = 7F9084F5236B76C300AEB3F8 /* PBXContainerItemProxy */;
		};
/* End PBXTargetDependency section */

/* Begin PBXVariantGroup section */
		7F9084DC236B76C100AEB3F8 /* Main.storyboard */ = {
			isa = PBXVariantGroup;
			children = (
				7F9084DD236B76C100AEB3F8 /* Base */,
			);
			name = Main.storyboard;
			sourceTree = "<group>";
		};
		7F9084E1236B76C300AEB3F8 /* LaunchScreen.storyboard */ = {
			isa = PBXVariantGroup;
			children = (
				7F9084E2236B76C300AEB3F8 /* Base */,
			);
			name = LaunchScreen.storyboard;
			sourceTree = "<group>";
		};
/* End PBXVariantGroup section */

/* Begin XCBuildConfiguration section */
		7F9084FB236B76C300AEB3F8 /* Debug */ = {
			isa = XCBuildConfiguration;
			buildSettings = {
				ALWAYS_SEARCH_USER_PATHS = NO;
				CLANG_ANALYZER_NONNULL = YES;
				CLANG_ANALYZER_NUMBER_OBJECT_CONVERSION = YES_AGGRESSIVE;
				CLANG_CXX_LANGUAGE_STANDARD = "gnu++14";
				CLANG_CXX_LIBRARY = "libc++";
				CLANG_ENABLE_MODULES = YES;
				CLANG_ENABLE_OBJC_ARC = YES;
				CLANG_ENABLE_OBJC_WEAK = YES;
				CLANG_WARN_BLOCK_CAPTURE_AUTORELEASING = YES;
				CLANG_WARN_BOOL_CONVERSION = YES;
				CLANG_WARN_COMMA = YES;
				CLANG_WARN_CONSTANT_CONVERSION = YES;
				CLANG_WARN_DEPRECATED_OBJC_IMPLEMENTATIONS = YES;
				CLANG_WARN_DIRECT_OBJC_ISA_USAGE = YES_ERROR;
				CLANG_WARN_DOCUMENTATION_COMMENTS = YES;
				CLANG_WARN_EMPTY_BODY = YES;
				CLANG_WARN_ENUM_CONVERSION = YES;
				CLANG_WARN_INFINITE_RECURSION = YES;
				CLANG_WARN_INT_CONVERSION = YES;
				CLANG_WARN_NON_LITERAL_NULL_CONVERSION = YES;
				CLANG_WARN_OBJC_IMPLICIT_RETAIN_SELF = YES;
				CLANG_WARN_OBJC_LITERAL_CONVERSION = YES;
				CLANG_WARN_OBJC_ROOT_CLASS = YES_ERROR;
				CLANG_WARN_RANGE_LOOP_ANALYSIS = YES;
				CLANG_WARN_STRICT_PROTOTYPES = YES;
				CLANG_WARN_SUSPICIOUS_MOVE = YES;
				CLANG_WARN_UNGUARDED_AVAILABILITY = YES_AGGRESSIVE;
				CLANG_WARN_UNREACHABLE_CODE = YES;
				CLANG_WARN__DUPLICATE_METHOD_MATCH = YES;
				COPY_PHASE_STRIP = NO;
				DEBUG_INFORMATION_FORMAT = dwarf;
				ENABLE_STRICT_OBJC_MSGSEND = YES;
				ENABLE_TESTABILITY = YES;
				GCC_C_LANGUAGE_STANDARD = gnu11;
				GCC_DYNAMIC_NO_PIC = NO;
				GCC_NO_COMMON_BLOCKS = YES;
				GCC_OPTIMIZATION_LEVEL = 0;
				GCC_PREPROCESSOR_DEFINITIONS = (
					"DEBUG=1",
					"$(inherited)",
				);
				GCC_WARN_64_TO_32_BIT_CONVERSION = YES;
				GCC_WARN_ABOUT_RETURN_TYPE = YES_ERROR;
				GCC_WARN_UNDECLARED_SELECTOR = YES;
				GCC_WARN_UNINITIALIZED_AUTOS = YES_AGGRESSIVE;
				GCC_WARN_UNUSED_FUNCTION = YES;
				GCC_WARN_UNUSED_VARIABLE = YES;
				IPHONEOS_DEPLOYMENT_TARGET = 13.1;
				MTL_ENABLE_DEBUG_INFO = INCLUDE_SOURCE;
				MTL_FAST_MATH = YES;
				ONLY_ACTIVE_ARCH = YES;
				SDKROOT = iphoneos;
				SWIFT_ACTIVE_COMPILATION_CONDITIONS = DEBUG;
				SWIFT_OPTIMIZATION_LEVEL = "-Onone";
			};
			name = Debug;
		};
		7F9084FC236B76C300AEB3F8 /* Release */ = {
			isa = XCBuildConfiguration;
			buildSettings = {
				ALWAYS_SEARCH_USER_PATHS = NO;
				CLANG_ANALYZER_NONNULL = YES;
				CLANG_ANALYZER_NUMBER_OBJECT_CONVERSION = YES_AGGRESSIVE;
				CLANG_CXX_LANGUAGE_STANDARD = "gnu++14";
				CLANG_CXX_LIBRARY = "libc++";
				CLANG_ENABLE_MODULES = YES;
				CLANG_ENABLE_OBJC_ARC = YES;
				CLANG_ENABLE_OBJC_WEAK = YES;
				CLANG_WARN_BLOCK_CAPTURE_AUTORELEASING = YES;
				CLANG_WARN_BOOL_CONVERSION = YES;
				CLANG_WARN_COMMA = YES;
				CLANG_WARN_CONSTANT_CONVERSION = YES;
				CLANG_WARN_DEPRECATED_OBJC_IMPLEMENTATIONS = YES;
				CLANG_WARN_DIRECT_OBJC_ISA_USAGE = YES_ERROR;
				CLANG_WARN_DOCUMENTATION_COMMENTS = YES;
				CLANG_WARN_EMPTY_BODY = YES;
				CLANG_WARN_ENUM_CONVERSION = YES;
				CLANG_WARN_INFINITE_RECURSION = YES;
				CLANG_WARN_INT_CONVERSION = YES;
				CLANG_WARN_NON_LITERAL_NULL_CONVERSION = YES;
				CLANG_WARN_OBJC_IMPLICIT_RETAIN_SELF = YES;
				CLANG_WARN_OBJC_LITERAL_CONVERSION = YES;
				CLANG_WARN_OBJC_ROOT_CLASS = YES_ERROR;
				CLANG_WARN_RANGE_LOOP_ANALYSIS = YES;
				CLANG_WARN_STRICT_PROTOTYPES = YES;
				CLANG_WARN_SUSPICIOUS_MOVE = YES;
				CLANG_WARN_UNGUARDED_AVAILABILITY = YES_AGGRESSIVE;
				CLANG_WARN_UNREACHABLE_CODE = YES;
				CLANG_WARN__DUPLICATE_METHOD_MATCH = YES;
				COPY_PHASE_STRIP = NO;
				DEBUG_INFORMATION_FORMAT = "dwarf-with-dsym";
				ENABLE_NS_ASSERTIONS = NO;
				ENABLE_STRICT_OBJC_MSGSEND = YES;
				GCC_C_LANGUAGE_STANDARD = gnu11;
				GCC_NO_COMMON_BLOCKS = YES;
				GCC_WARN_64_TO_32_BIT_CONVERSION = YES;
				GCC_WARN_ABOUT_RETURN_TYPE = YES_ERROR;
				GCC_WARN_UNDECLARED_SELECTOR = YES;
				GCC_WARN_UNINITIALIZED_AUTOS = YES_AGGRESSIVE;
				GCC_WARN_UNUSED_FUNCTION = YES;
				GCC_WARN_UNUSED_VARIABLE = YES;
				IPHONEOS_DEPLOYMENT_TARGET = 13.1;
				MTL_ENABLE_DEBUG_INFO = NO;
				MTL_FAST_MATH = YES;
				SDKROOT = iphoneos;
				SWIFT_COMPILATION_MODE = wholemodule;
				SWIFT_OPTIMIZATION_LEVEL = "-O";
				VALIDATE_PRODUCT = YES;
			};
			name = Release;
		};
		7F9084FE236B76C300AEB3F8 /* Debug */ = {
			isa = XCBuildConfiguration;
			buildSettings = {
				ASSETCATALOG_COMPILER_APPICON_NAME = AppIcon;
				CODE_SIGN_STYLE = Automatic;
				INFOPLIST_FILE = TheCastle/Info.plist;
				IPHONEOS_DEPLOYMENT_TARGET = 12.4;
				LD_RUNPATH_SEARCH_PATHS = (
					"$(inherited)",
					"@executable_path/Frameworks",
				);
				PRODUCT_BUNDLE_IDENTIFIER = Natalia.TheCastle;
				PRODUCT_NAME = "$(TARGET_NAME)";
				SWIFT_VERSION = 5.0;
				TARGETED_DEVICE_FAMILY = "1,2";
			};
			name = Debug;
		};
		7F9084FF236B76C300AEB3F8 /* Release */ = {
			isa = XCBuildConfiguration;
			buildSettings = {
				ASSETCATALOG_COMPILER_APPICON_NAME = AppIcon;
				CODE_SIGN_STYLE = Automatic;
				INFOPLIST_FILE = TheCastle/Info.plist;
				IPHONEOS_DEPLOYMENT_TARGET = 12.4;
				LD_RUNPATH_SEARCH_PATHS = (
					"$(inherited)",
					"@executable_path/Frameworks",
				);
				PRODUCT_BUNDLE_IDENTIFIER = Natalia.TheCastle;
				PRODUCT_NAME = "$(TARGET_NAME)";
				SWIFT_VERSION = 5.0;
				TARGETED_DEVICE_FAMILY = "1,2";
			};
			name = Release;
		};
		7F908501236B76C300AEB3F8 /* Debug */ = {
			isa = XCBuildConfiguration;
			buildSettings = {
				ALWAYS_EMBED_SWIFT_STANDARD_LIBRARIES = YES;
				BUNDLE_LOADER = "$(TEST_HOST)";
				CODE_SIGN_STYLE = Automatic;
				INFOPLIST_FILE = TheCastleTests/Info.plist;
				IPHONEOS_DEPLOYMENT_TARGET = 13.1;
				LD_RUNPATH_SEARCH_PATHS = (
					"$(inherited)",
					"@executable_path/Frameworks",
					"@loader_path/Frameworks",
				);
				PRODUCT_BUNDLE_IDENTIFIER = Natalia.TheCastleTests;
				PRODUCT_NAME = "$(TARGET_NAME)";
				SWIFT_VERSION = 5.0;
				TARGETED_DEVICE_FAMILY = "1,2";
				TEST_HOST = "$(BUILT_PRODUCTS_DIR)/TheCastle.app/TheCastle";
			};
			name = Debug;
		};
		7F908502236B76C300AEB3F8 /* Release */ = {
			isa = XCBuildConfiguration;
			buildSettings = {
				ALWAYS_EMBED_SWIFT_STANDARD_LIBRARIES = YES;
				BUNDLE_LOADER = "$(TEST_HOST)";
				CODE_SIGN_STYLE = Automatic;
				INFOPLIST_FILE = TheCastleTests/Info.plist;
				IPHONEOS_DEPLOYMENT_TARGET = 13.1;
				LD_RUNPATH_SEARCH_PATHS = (
					"$(inherited)",
					"@executable_path/Frameworks",
					"@loader_path/Frameworks",
				);
				PRODUCT_BUNDLE_IDENTIFIER = Natalia.TheCastleTests;
				PRODUCT_NAME = "$(TARGET_NAME)";
				SWIFT_VERSION = 5.0;
				TARGETED_DEVICE_FAMILY = "1,2";
				TEST_HOST = "$(BUILT_PRODUCTS_DIR)/TheCastle.app/TheCastle";
			};
			name = Release;
		};
		7F908504236B76C300AEB3F8 /* Debug */ = {
			isa = XCBuildConfiguration;
			buildSettings = {
				ALWAYS_EMBED_SWIFT_STANDARD_LIBRARIES = YES;
				CODE_SIGN_STYLE = Automatic;
				INFOPLIST_FILE = TheCastleUITests/Info.plist;
				LD_RUNPATH_SEARCH_PATHS = (
					"$(inherited)",
					"@executable_path/Frameworks",
					"@loader_path/Frameworks",
				);
				PRODUCT_BUNDLE_IDENTIFIER = Natalia.TheCastleUITests;
				PRODUCT_NAME = "$(TARGET_NAME)";
				SWIFT_VERSION = 5.0;
				TARGETED_DEVICE_FAMILY = "1,2";
				TEST_TARGET_NAME = TheCastle;
			};
			name = Debug;
		};
		7F908505236B76C300AEB3F8 /* Release */ = {
			isa = XCBuildConfiguration;
			buildSettings = {
				ALWAYS_EMBED_SWIFT_STANDARD_LIBRARIES = YES;
				CODE_SIGN_STYLE = Automatic;
				INFOPLIST_FILE = TheCastleUITests/Info.plist;
				LD_RUNPATH_SEARCH_PATHS = (
					"$(inherited)",
					"@executable_path/Frameworks",
					"@loader_path/Frameworks",
				);
				PRODUCT_BUNDLE_IDENTIFIER = Natalia.TheCastleUITests;
				PRODUCT_NAME = "$(TARGET_NAME)";
				SWIFT_VERSION = 5.0;
				TARGETED_DEVICE_FAMILY = "1,2";
				TEST_TARGET_NAME = TheCastle;
			};
			name = Release;
		};
/* End XCBuildConfiguration section */

/* Begin XCConfigurationList section */
		7F9084CE236B76C100AEB3F8 /* Build configuration list for PBXProject "TheCastle" */ = {
			isa = XCConfigurationList;
			buildConfigurations = (
				7F9084FB236B76C300AEB3F8 /* Debug */,
				7F9084FC236B76C300AEB3F8 /* Release */,
			);
			defaultConfigurationIsVisible = 0;
			defaultConfigurationName = Release;
		};
		7F9084FD236B76C300AEB3F8 /* Build configuration list for PBXNativeTarget "TheCastle" */ = {
			isa = XCConfigurationList;
			buildConfigurations = (
				7F9084FE236B76C300AEB3F8 /* Debug */,
				7F9084FF236B76C300AEB3F8 /* Release */,
			);
			defaultConfigurationIsVisible = 0;
			defaultConfigurationName = Release;
		};
		7F908500236B76C300AEB3F8 /* Build configuration list for PBXNativeTarget "TheCastleTests" */ = {
			isa = XCConfigurationList;
			buildConfigurations = (
				7F908501236B76C300AEB3F8 /* Debug */,
				7F908502236B76C300AEB3F8 /* Release */,
			);
			defaultConfigurationIsVisible = 0;
			defaultConfigurationName = Release;
		};
		7F908503236B76C300AEB3F8 /* Build configuration list for PBXNativeTarget "TheCastleUITests" */ = {
			isa = XCConfigurationList;
			buildConfigurations = (
				7F908504236B76C300AEB3F8 /* Debug */,
				7F908505236B76C300AEB3F8 /* Release */,
			);
			defaultConfigurationIsVisible = 0;
			defaultConfigurationName = Release;
		};
/* End XCConfigurationList section */

/* Begin XCRemoteSwiftPackageReference section */
		7FDEA594236C54F300466140 /* XCRemoteSwiftPackageReference "lottie-ios" */ = {
			isa = XCRemoteSwiftPackageReference;
			repositoryURL = "https://github.com/airbnb/lottie-ios.git";
			requirement = {
				kind = upToNextMajorVersion;
				minimumVersion = 3.1.3;
			};
		};
/* End XCRemoteSwiftPackageReference section */

/* Begin XCSwiftPackageProductDependency section */
		7FDEA595236C54F400466140 /* Lottie */ = {
			isa = XCSwiftPackageProductDependency;
			package = 7FDEA594236C54F300466140 /* XCRemoteSwiftPackageReference "lottie-ios" */;
			productName = Lottie;
		};
/* End XCSwiftPackageProductDependency section */
	};
	rootObject = 7F9084CB236B76C100AEB3F8 /* Project object */;
}
